
Microsoft Visual Studio Solution File, Format Version 12.00
# Visual Studio Version 17
VisualStudioVersion = 17.0.31808.319
MinimumVisualStudioVersion = 10.0.40219.1
Project("{FAE04EC0-301F-11D3-BF4B-00C04F79EFBC}") = "SaveDataSync", "SaveDataSync\SaveDataSync.csproj", "{FA283CC2-159E-416E-B177-AC318FCE73AB}"
EndProject
Project("{54435603-DBB4-11D2-8724-00A0C9A8B90C}") = "SaveDataSyncInstaller", "SaveDataSyncInstaller\SaveDataSyncInstaller.vdproj", "{E0C11D37-73E3-4700-967B-2C0CEE7ACA0E}"
EndProject
Global
	GlobalSection(SolutionConfigurationPlatforms) = preSolution
		Debug|Any CPU = Debug|Any CPU
		Release|Any CPU = Release|Any CPU
	EndGlobalSection
	GlobalSection(ProjectConfigurationPlatforms) = postSolution
		{FA283CC2-159E-416E-B177-AC318FCE73AB}.Debug|Any CPU.ActiveCfg = Debug|Any CPU
		{FA283CC2-159E-416E-B177-AC318FCE73AB}.Debug|Any CPU.Build.0 = Debug|Any CPU
		{FA283CC2-159E-416E-B177-AC318FCE73AB}.Release|Any CPU.ActiveCfg = Release|Any CPU
		{FA283CC2-159E-416E-B177-AC318FCE73AB}.Release|Any CPU.Build.0 = Release|Any CPU
		{E0C11D37-73E3-4700-967B-2C0CEE7ACA0E}.Debug|Any CPU.ActiveCfg = Debug
		{E0C11D37-73E3-4700-967B-2C0CEE7ACA0E}.Release|Any CPU.ActiveCfg = Release
	EndGlobalSection
	GlobalSection(SolutionProperties) = preSolution
		HideSolutionNode = FALSE
	EndGlobalSection
	GlobalSection(ExtensibilityGlobals) = postSolution
		SolutionGuid = {09565882-82D9-44FB-B481-AFB68AFAEA34}
	EndGlobalSection
EndGlobal
